
Microsoft Visual Studio Solution File, Format Version 12.00
# Visual Studio 15
VisualStudioVersion = 15.0.28307.168
MinimumVisualStudioVersion = 10.0.40219.1
Project("{9A19103F-16F7-4668-BE54-9A1E7A4F7556}") = "HttpTunnelient", "HttpTunnelient\HttpTunnelient.csproj", "{77905FBF-12E4-4714-8F9F-2E42505802C8}"
EndProject
Project("{FAE04EC0-301F-11D3-BF4B-00C04F79EFBC}") = "Example", "Example\Example.csproj", "{00AAA74B-BCC4-4700-A1C4-71F934C501FB}"
EndProject
Global
	GlobalSection(SolutionConfigurationPlatforms) = preSolution
		Debug|Any CPU = Debug|Any CPU
		Release|Any CPU = Release|Any CPU
	EndGlobalSection
	GlobalSection(ProjectConfigurationPlatforms) = postSolution
		{77905FBF-12E4-4714-8F9F-2E42505802C8}.Debug|Any CPU.ActiveCfg = Debug|Any CPU
		{77905FBF-12E4-4714-8F9F-2E42505802C8}.Debug|Any CPU.Build.0 = Debug|Any CPU
		{77905FBF-12E4-4714-8F9F-2E42505802C8}.Release|Any CPU.ActiveCfg = Release|Any CPU
		{77905FBF-12E4-4714-8F9F-2E42505802C8}.Release|Any CPU.Build.0 = Release|Any CPU
		{00AAA74B-BCC4-4700-A1C4-71F934C501FB}.Debug|Any CPU.ActiveCfg = Debug|Any CPU
		{00AAA74B-BCC4-4700-A1C4-71F934C501FB}.Debug|Any CPU.Build.0 = Debug|Any CPU
		{00AAA74B-BCC4-4700-A1C4-71F934C501FB}.Release|Any CPU.ActiveCfg = Release|Any CPU
		{00AAA74B-BCC4-4700-A1C4-71F934C501FB}.Release|Any CPU.Build.0 = Release|Any CPU
	EndGlobalSection
	GlobalSection(SolutionProperties) = preSolution
		HideSolutionNode = FALSE
	EndGlobalSection
	GlobalSection(ExtensibilityGlobals) = postSolution
		SolutionGuid = {FF2539CB-A86D-45F1-AD3F-7312A418D2D7}
	EndGlobalSection
EndGlobal
